
Microsoft Visual Studio Solution File, Format Version 11.00
# Visual Studio 2010
Project("{FAE04EC0-301F-11D3-BF4B-00C04F79EFBC}") = "WNG.ApplicationService.NumericSeq", "WNG.ApplicationService.NumericSeq.csproj", "{229397F9-7447-4D26-9E29-F8063EBE3BBB}"
EndProject
Global
	GlobalSection(SolutionConfigurationPlatforms) = preSolution
		Debug|Any CPU = Debug|Any CPU
		Release|Any CPU = Release|Any CPU
	EndGlobalSection
	GlobalSection(ProjectConfigurationPlatforms) = postSolution
		{229397F9-7447-4D26-9E29-F8063EBE3BBB}.Debug|Any CPU.ActiveCfg = Debug|Any CPU
		{229397F9-7447-4D26-9E29-F8063EBE3BBB}.Debug|Any CPU.Build.0 = Debug|Any CPU
		{229397F9-7447-4D26-9E29-F8063EBE3BBB}.Release|Any CPU.ActiveCfg = Release|Any CPU
		{229397F9-7447-4D26-9E29-F8063EBE3BBB}.Release|Any CPU.Build.0 = Release|Any CPU
	EndGlobalSection
	GlobalSection(SolutionProperties) = preSolution
		HideSolutionNode = FALSE
	EndGlobalSection
EndGlobal
